// !$*UTF8*$!
{
	archiveVersion = 1;
	classes = {
	};
	objectVersion = 48;
	objects = {

/* Begin PBXBuildFile section */
		67D4CF3D205ABA860035DA98 /* AppDelegate.m in Sources */ = {isa = PBXBuildFile; fileRef = 67D4CF3C205ABA860035DA98 /* AppDelegate.m */; };
		67D4CF40205ABA860035DA98 /* ViewController.m in Sources */ = {isa = PBXBuildFile; fileRef = 67D4CF3F205ABA860035DA98 /* ViewController.m */; };
		67D4CF43205ABA860035DA98 /* Main.storyboard in Resources */ = {isa = PBXBuildFile; fileRef = 67D4CF41205ABA860035DA98 /* Main.storyboard */; };
		67D4CF46205ABA860035DA98 /* XLMVCDemo.xcdatamodeld in Sources */ = {isa = PBXBuildFile; fileRef = 67D4CF44205ABA860035DA98 /* XLMVCDemo.xcdatamodeld */; };
		67D4CF48205ABA860035DA98 /* Assets.xcassets in Resources */ = {isa = PBXBuildFile; fileRef = 67D4CF47205ABA860035DA98 /* Assets.xcassets */; };
		67D4CF4B205ABA860035DA98 /* LaunchScreen.storyboard in Resources */ = {isa = PBXBuildFile; fileRef = 67D4CF49205ABA860035DA98 /* LaunchScreen.storyboard */; };
		67D4CF4E205ABA860035DA98 /* main.m in Sources */ = {isa = PBXBuildFile; fileRef = 67D4CF4D205ABA860035DA98 /* main.m */; };
		67D4CF58205ABA860035DA98 /* XLMVCDemoTests.m in Sources */ = {isa = PBXBuildFile; fileRef = 67D4CF57205ABA860035DA98 /* XLMVCDemoTests.m */; };
		67D4CF63205ABA860035DA98 /* XLMVCDemoUITests.m in Sources */ = {isa = PBXBuildFile; fileRef = 67D4CF62205ABA860035DA98 /* XLMVCDemoUITests.m */; };
/* End PBXBuildFile section */

/* Begin PBXContainerItemProxy section */
		67D4CF54205ABA860035DA98 /* PBXContainerItemProxy */ = {
			isa = PBXContainerItemProxy;
			containerPortal = 67D4CF30205ABA860035DA98 /* Project object */;
			proxyType = 1;
			remoteGlobalIDString = 67D4CF37205ABA860035DA98;
			remoteInfo = XLMVCDemo;
		};
		67D4CF5F205ABA860035DA98 /* PBXContainerItemProxy */ = {
			isa = PBXContainerItemProxy;
			containerPortal = 67D4CF30205ABA860035DA98 /* Project object */;
			proxyType = 1;
			remoteGlobalIDString = 67D4CF37205ABA860035DA98;
			remoteInfo = XLMVCDemo;
		};
/* End PBXContainerItemProxy section */

/* Begin PBXFileReference section */
		67D4CF38205ABA860035DA98 /* XLMVCDemo.app */ = {isa = PBXFileReference; explicitFileType = wrapper.application; includeInIndex = 0; path = XLMVCDemo.app; sourceTree = BUILT_PRODUCTS_DIR; };
		67D4CF3B205ABA860035DA98 /* AppDelegate.h */ = {isa = PBXFileReference; lastKnownFileType = sourcecode.c.h; path = AppDelegate.h; sourceTree = "<group>"; };
		67D4CF3C205ABA860035DA98 /* AppDelegate.m */ = {isa = PBXFileReference; lastKnownFileType = sourcecode.c.objc; path = AppDelegate.m; sourceTree = "<group>"; };
		67D4CF3E205ABA860035DA98 /* ViewController.h */ = {isa = PBXFileReference; lastKnownFileType = sourcecode.c.h; path = ViewController.h; sourceTree = "<group>"; };
		67D4CF3F205ABA860035DA98 /* ViewController.m */ = {isa = PBXFileReference; lastKnownFileType = sourcecode.c.objc; path = ViewController.m; sourceTree = "<group>"; };
		67D4CF42205ABA860035DA98 /* Base */ = {isa = PBXFileReference; lastKnownFileType = file.storyboard; name = Base; path = Base.lproj/Main.storyboard; sourceTree = "<group>"; };
		67D4CF45205ABA860035DA98 /* XLMVCDemo.xcdatamodel */ = {isa = PBXFileReference; lastKnownFileType = wrapper.xcdatamodel; path = XLMVCDemo.xcdatamodel; sourceTree = "<group>"; };
		67D4CF47205ABA860035DA98 /* Assets.xcassets */ = {isa = PBXFileReference; lastKnownFileType = folder.assetcatalog; path = Assets.xcassets; sourceTree = "<group>"; };
		67D4CF4A205ABA860035DA98 /* Base */ = {isa = PBXFileReference; lastKnownFileType = file.storyboard; name = Base; path = Base.lproj/LaunchScreen.storyboard; sourceTree = "<group>"; };
		67D4CF4C205ABA860035DA98 /* Info.plist */ = {isa = PBXFileReference; lastKnownFileType = text.plist.xml; path = Info.plist; sourceTree = "<group>"; };
		67D4CF4D205ABA860035DA98 /* main.m */ = {isa = PBXFileReference; lastKnownFileType = sourcecode.c.objc; path = main.m; sourceTree = "<group>"; };
		67D4CF53205ABA860035DA98 /* XLMVCDemoTests.xctest */ = {isa = PBXFileReference; explicitFileType = wrapper.cfbundle; includeInIndex = 0; path = XLMVCDemoTests.xctest; sourceTree = BUILT_PRODUCTS_DIR; };
		67D4CF57205ABA860035DA98 /* XLMVCDemoTests.m */ = {isa = PBXFileReference; lastKnownFileType = sourcecode.c.objc; path = XLMVCDemoTests.m; sourceTree = "<group>"; };
		67D4CF59205ABA860035DA98 /* Info.plist */ = {isa = PBXFileReference; lastKnownFileType = text.plist.xml; path = Info.plist; sourceTree = "<group>"; };
		67D4CF5E205ABA860035DA98 /* XLMVCDemoUITests.xctest */ = {isa = PBXFileReference; explicitFileType = wrapper.cfbundle; includeInIndex = 0; path = XLMVCDemoUITests.xctest; sourceTree = BUILT_PRODUCTS_DIR; };
		67D4CF62205ABA860035DA98 /* XLMVCDemoUITests.m */ = {isa = PBXFileReference; lastKnownFileType = sourcecode.c.objc; path = XLMVCDemoUITests.m; sourceTree = "<group>"; };
		67D4CF64205ABA860035DA98 /* Info.plist */ = {isa = PBXFileReference; lastKnownFileType = text.plist.xml; path = Info.plist; sourceTree = "<group>"; };
/* End PBXFileReference section */

/* Begin PBXFrameworksBuildPhase section */
		67D4CF35205ABA860035DA98 /* Frameworks */ = {
			isa = PBXFrameworksBuildPhase;
			buildActionMask = 2147483647;
			files = (
			);
			runOnlyForDeploymentPostprocessing = 0;
		};
		67D4CF50205ABA860035DA98 /* Frameworks */ = {
			isa = PBXFrameworksBuildPhase;
			buildActionMask = 2147483647;
			files = (
			);
			runOnlyForDeploymentPostprocessing = 0;
		};
		67D4CF5B205ABA860035DA98 /* Frameworks */ = {
			isa = PBXFrameworksBuildPhase;
			buildActionMask = 2147483647;
			files = (
			);
			runOnlyForDeploymentPostprocessing = 0;
		};
/* End PBXFrameworksBuildPhase section */

/* Begin PBXGroup section */
		67D4CF2F205ABA860035DA98 = {
			isa = PBXGroup;
			children = (
				67D4CF3A205ABA860035DA98 /* XLMVCDemo */,
				67D4CF56205ABA860035DA98 /* XLMVCDemoTests */,
				67D4CF61205ABA860035DA98 /* XLMVCDemoUITests */,
				67D4CF39205ABA860035DA98 /* Products */,
			);
			sourceTree = "<group>";
		};
		67D4CF39205ABA860035DA98 /* Products */ = {
			isa = PBXGroup;
			children = (
				67D4CF38205ABA860035DA98 /* XLMVCDemo.app */,
				67D4CF53205ABA860035DA98 /* XLMVCDemoTests.xctest */,
				67D4CF5E205ABA860035DA98 /* XLMVCDemoUITests.xctest */,
			);
			name = Products;
			sourceTree = "<group>";
		};
		67D4CF3A205ABA860035DA98 /* XLMVCDemo */ = {
			isa = PBXGroup;
			children = (
				67D4CF3B205ABA860035DA98 /* AppDelegate.h */,
				67D4CF3C205ABA860035DA98 /* AppDelegate.m */,
				67D4CF3E205ABA860035DA98 /* ViewController.h */,
				67D4CF3F205ABA860035DA98 /* ViewController.m */,
				67D4CF41205ABA860035DA98 /* Main.storyboard */,
				67D4CF47205ABA860035DA98 /* Assets.xcassets */,
				67D4CF49205ABA860035DA98 /* LaunchScreen.storyboard */,
				67D4CF4C205ABA860035DA98 /* Info.plist */,
				67D4CF4D205ABA860035DA98 /* main.m */,
				67D4CF44205ABA860035DA98 /* XLMVCDemo.xcdatamodeld */,
			);
			path = XLMVCDemo;
			sourceTree = "<group>";
		};
		67D4CF56205ABA860035DA98 /* XLMVCDemoTests */ = {
			isa = PBXGroup;
			children = (
				67D4CF57205ABA860035DA98 /* XLMVCDemoTests.m */,
				67D4CF59205ABA860035DA98 /* Info.plist */,
			);
			path = XLMVCDemoTests;
			sourceTree = "<group>";
		};
		67D4CF61205ABA860035DA98 /* XLMVCDemoUITests */ = {
			isa = PBXGroup;
			children = (
				67D4CF62205ABA860035DA98 /* XLMVCDemoUITests.m */,
				67D4CF64205ABA860035DA98 /* Info.plist */,
			);
			path = XLMVCDemoUITests;
			sourceTree = "<group>";
		};
/* End PBXGroup section */

/* Begin PBXNativeTarget section */
		67D4CF37205ABA860035DA98 /* XLMVCDemo */ = {
			isa = PBXNativeTarget;
			buildConfigurationList = 67D4CF67205ABA860035DA98 /* Build configuration list for PBXNativeTarget "XLMVCDemo" */;
			buildPhases = (
				67D4CF34205ABA860035DA98 /* Sources */,
				67D4CF35205ABA860035DA98 /* Frameworks */,
				67D4CF36205ABA860035DA98 /* Resources */,
			);
			buildRules = (
			);
			dependencies = (
			);
			name = XLMVCDemo;
			productName = XLMVCDemo;
			productReference = 67D4CF38205ABA860035DA98 /* XLMVCDemo.app */;
			productType = "com.apple.product-type.application";
		};
		67D4CF52205ABA860035DA98 /* XLMVCDemoTests */ = {
			isa = PBXNativeTarget;
			buildConfigurationList = 67D4CF6A205ABA860035DA98 /* Build configuration list for PBXNativeTarget "XLMVCDemoTests" */;
			buildPhases = (
				67D4CF4F205ABA860035DA98 /* Sources */,
				67D4CF50205ABA860035DA98 /* Frameworks */,
				67D4CF51205ABA860035DA98 /* Resources */,
			);
			buildRules = (
			);
			dependencies = (
				67D4CF55205ABA860035DA98 /* PBXTargetDependency */,
			);
			name = XLMVCDemoTests;
			productName = XLMVCDemoTests;
			productReference = 67D4CF53205ABA860035DA98 /* XLMVCDemoTests.xctest */;
			productType = "com.apple.product-type.bundle.unit-test";
		};
		67D4CF5D205ABA860035DA98 /* XLMVCDemoUITests */ = {
			isa = PBXNativeTarget;
			buildConfigurationList = 67D4CF6D205ABA860035DA98 /* Build configuration list for PBXNativeTarget "XLMVCDemoUITests" */;
			buildPhases = (
				67D4CF5A205ABA860035DA98 /* Sources */,
				67D4CF5B205ABA860035DA98 /* Frameworks */,
				67D4CF5C205ABA860035DA98 /* Resources */,
			);
			buildRules = (
			);
			dependencies = (
				67D4CF60205ABA860035DA98 /* PBXTargetDependency */,
			);
			name = XLMVCDemoUITests;
			productName = XLMVCDemoUITests;
			productReference = 67D4CF5E205ABA860035DA98 /* XLMVCDemoUITests.xctest */;
			productType = "com.apple.product-type.bundle.ui-testing";
		};
/* End PBXNativeTarget section */

/* Begin PBXProject section */
		67D4CF30205ABA860035DA98 /* Project object */ = {
			isa = PBXProject;
			attributes = {
				LastUpgradeCheck = 0920;
				ORGANIZATIONNAME = "王小林";
				TargetAttributes = {
					67D4CF37205ABA860035DA98 = {
						CreatedOnToolsVersion = 9.2;
						ProvisioningStyle = Automatic;
					};
					67D4CF52205ABA860035DA98 = {
						CreatedOnToolsVersion = 9.2;
						ProvisioningStyle = Automatic;
						TestTargetID = 67D4CF37205ABA860035DA98;
					};
					67D4CF5D205ABA860035DA98 = {
						CreatedOnToolsVersion = 9.2;
						ProvisioningStyle = Automatic;
						TestTargetID = 67D4CF37205ABA860035DA98;
					};
				};
			};
			buildConfigurationList = 67D4CF33205ABA860035DA98 /* Build configuration list for PBXProject "XLMVCDemo" */;
			compatibilityVersion = "Xcode 8.0";
			developmentRegion = en;
			hasScannedForEncodings = 0;
			knownRegions = (
				en,
				Base,
			);
			mainGroup = 67D4CF2F205ABA860035DA98;
			productRefGroup = 67D4CF39205ABA860035DA98 /* Products */;
			projectDirPath = "";
			projectRoot = "";
			targets = (
				67D4CF37205ABA860035DA98 /* XLMVCDemo */,
				67D4CF52205ABA860035DA98 /* XLMVCDemoTests */,
				67D4CF5D205ABA860035DA98 /* XLMVCDemoUITests */,
			);
		};
/* End PBXProject section */

/* Begin PBXResourcesBuildPhase section */
		67D4CF36205ABA860035DA98 /* Resources */ = {
			isa = PBXResourcesBuildPhase;
			buildActionMask = 2147483647;
			files = (
				67D4CF4B205ABA860035DA98 /* LaunchScreen.storyboard in Resources */,
				67D4CF48205ABA860035DA98 /* Assets.xcassets in Resources */,
				67D4CF43205ABA860035DA98 /* Main.storyboard in Resources */,
			);
			runOnlyForDeploymentPostprocessing = 0;
		};
		67D4CF51205ABA860035DA98 /* Resources */ = {
			isa = PBXResourcesBuildPhase;
			buildActionMask = 2147483647;
			files = (
			);
			runOnlyForDeploymentPostprocessing = 0;
		};
		67D4CF5C205ABA860035DA98 /* Resources */ = {
			isa = PBXResourcesBuildPhase;
			buildActionMask = 2147483647;
			files = (
			);
			runOnlyForDeploymentPostprocessing = 0;
		};
/* End PBXResourcesBuildPhase section */

/* Begin PBXSourcesBuildPhase section */
		67D4CF34205ABA860035DA98 /* Sources */ = {
			isa = PBXSourcesBuildPhase;
			buildActionMask = 2147483647;
			files = (
				67D4CF46205ABA860035DA98 /* XLMVCDemo.xcdatamodeld in Sources */,
				67D4CF40205ABA860035DA98 /* ViewController.m in Sources */,
				67D4CF4E205ABA860035DA98 /* main.m in Sources */,
				67D4CF3D205ABA860035DA98 /* AppDelegate.m in Sources */,
			);
			runOnlyForDeploymentPostprocessing = 0;
		};
		67D4CF4F205ABA860035DA98 /* Sources */ = {
			isa = PBXSourcesBuildPhase;
			buildActionMask = 2147483647;
			files = (
				67D4CF58205ABA860035DA98 /* XLMVCDemoTests.m in Sources */,
			);
			runOnlyForDeploymentPostprocessing = 0;
		};
		67D4CF5A205ABA860035DA98 /* Sources */ = {
			isa = PBXSourcesBuildPhase;
			buildActionMask = 2147483647;
			files = (
				67D4CF63205ABA860035DA98 /* XLMVCDemoUITests.m in Sources */,
			);
			runOnlyForDeploymentPostprocessing = 0;
		};
/* End PBXSourcesBuildPhase section */

/* Begin PBXTargetDependency section */
		67D4CF55205ABA860035DA98 /* PBXTargetDependency */ = {
			isa = PBXTargetDependency;
			target = 67D4CF37205ABA860035DA98 /* XLMVCDemo */;
			targetProxy = 67D4CF54205ABA860035DA98 /* PBXContainerItemProxy */;
		};
		67D4CF60205ABA860035DA98 /* PBXTargetDependency */ = {
			isa = PBXTargetDependency;
			target = 67D4CF37205ABA860035DA98 /* XLMVCDemo */;
			targetProxy = 67D4CF5F205ABA860035DA98 /* PBXContainerItemProxy */;
		};
/* End PBXTargetDependency section */

/* Begin PBXVariantGroup section */
		67D4CF41205ABA860035DA98 /* Main.storyboard */ = {
			isa = PBXVariantGroup;
			children = (
				67D4CF42205ABA860035DA98 /* Base */,
			);
			name = Main.storyboard;
			sourceTree = "<group>";
		};
		67D4CF49205ABA860035DA98 /* LaunchScreen.storyboard */ = {
			isa = PBXVariantGroup;
			children = (
				67D4CF4A205ABA860035DA98 /* Base */,
			);
			name = LaunchScreen.storyboard;
			sourceTree = "<group>";
		};
/* End PBXVariantGroup section */

/* Begin XCBuildConfiguration section */
		67D4CF65205ABA860035DA98 /* Debug */ = {
			isa = XCBuildConfiguration;
			buildSettings = {
				ALWAYS_SEARCH_USER_PATHS = NO;
				CLANG_ANALYZER_NONNULL = YES;
				CLANG_ANALYZER_NUMBER_OBJECT_CONVERSION = YES_AGGRESSIVE;
				CLANG_CXX_LANGUAGE_STANDARD = "gnu++14";
				CLANG_CXX_LIBRARY = "libc++";
				CLANG_ENABLE_MODULES = YES;
				CLANG_ENABLE_OBJC_ARC = YES;
				CLANG_WARN_BLOCK_CAPTURE_AUTORELEASING = YES;
				CLANG_WARN_BOOL_CONVERSION = YES;
				CLANG_WARN_COMMA = YES;
				CLANG_WARN_CONSTANT_CONVERSION = YES;
				CLANG_WARN_DIRECT_OBJC_ISA_USAGE = YES_ERROR;
				CLANG_WARN_DOCUMENTATION_COMMENTS = YES;
				CLANG_WARN_EMPTY_BODY = YES;
				CLANG_WARN_ENUM_CONVERSION = YES;
				CLANG_WARN_INFINITE_RECURSION = YES;
				CLANG_WARN_INT_CONVERSION = YES;
				CLANG_WARN_NON_LITERAL_NULL_CONVERSION = YES;
				CLANG_WARN_OBJC_LITERAL_CONVERSION = YES;
				CLANG_WARN_OBJC_ROOT_CLASS = YES_ERROR;
				CLANG_WARN_RANGE_LOOP_ANALYSIS = YES;
				CLANG_WARN_STRICT_PROTOTYPES = YES;
				CLANG_WARN_SUSPICIOUS_MOVE = YES;
				CLANG_WARN_UNGUARDED_AVAILABILITY = YES_AGGRESSIVE;
				CLANG_WARN_UNREACHABLE_CODE = YES;
				CLANG_WARN__DUPLICATE_METHOD_MATCH = YES;
				CODE_SIGN_IDENTITY = "iPhone Developer";
				COPY_PHASE_STRIP = NO;
				DEBUG_INFORMATION_FORMAT = dwarf;
				ENABLE_STRICT_OBJC_MSGSEND = YES;
				ENABLE_TESTABILITY = YES;
				GCC_C_LANGUAGE_STANDARD = gnu11;
				GCC_DYNAMIC_NO_PIC = NO;
				GCC_NO_COMMON_BLOCKS = YES;
				GCC_OPTIMIZATION_LEVEL = 0;
				GCC_PREPROCESSOR_DEFINITIONS = (
					"DEBUG=1",
					"$(inherited)",
				);
				GCC_WARN_64_TO_32_BIT_CONVERSION = YES;
				GCC_WARN_ABOUT_RETURN_TYPE = YES_ERROR;
				GCC_WARN_UNDECLARED_SELECTOR = YES;
				GCC_WARN_UNINITIALIZED_AUTOS = YES_AGGRESSIVE;
				GCC_WARN_UNUSED_FUNCTION = YES;
				GCC_WARN_UNUSED_VARIABLE = YES;
				IPHONEOS_DEPLOYMENT_TARGET = 11.2;
				MTL_ENABLE_DEBUG_INFO = YES;
				ONLY_ACTIVE_ARCH = YES;
				SDKROOT = iphoneos;
			};
			name = Debug;
		};
		67D4CF66205ABA860035DA98 /* Release */ = {
			isa = XCBuildConfiguration;
			buildSettings = {
				ALWAYS_SEARCH_USER_PATHS = NO;
				CLANG_ANALYZER_NONNULL = YES;
				CLANG_ANALYZER_NUMBER_OBJECT_CONVERSION = YES_AGGRESSIVE;
				CLANG_CXX_LANGUAGE_STANDARD = "gnu++14";
				CLANG_CXX_LIBRARY = "libc++";
				CLANG_ENABLE_MODULES = YES;
				CLANG_ENABLE_OBJC_ARC = YES;
				CLANG_WARN_BLOCK_CAPTURE_AUTORELEASING = YES;
				CLANG_WARN_BOOL_CONVERSION = YES;
				CLANG_WARN_COMMA = YES;
				CLANG_WARN_CONSTANT_CONVERSION = YES;
				CLANG_WARN_DIRECT_OBJC_ISA_USAGE = YES_ERROR;
				CLANG_WARN_DOCUMENTATION_COMMENTS = YES;
				CLANG_WARN_EMPTY_BODY = YES;
				CLANG_WARN_ENUM_CONVERSION = YES;
				CLANG_WARN_INFINITE_RECURSION = YES;
				CLANG_WARN_INT_CONVERSION = YES;
				CLANG_WARN_NON_LITERAL_NULL_CONVERSION = YES;
				CLANG_WARN_OBJC_LITERAL_CONVERSION = YES;
				CLANG_WARN_OBJC_ROOT_CLASS = YES_ERROR;
				CLANG_WARN_RANGE_LOOP_ANALYSIS = YES;
				CLANG_WARN_STRICT_PROTOTYPES = YES;
				CLANG_WARN_SUSPICIOUS_MOVE = YES;
				CLANG_WARN_UNGUARDED_AVAILABILITY = YES_AGGRESSIVE;
				CLANG_WARN_UNREACHABLE_CODE = YES;
				CLANG_WARN__DUPLICATE_METHOD_MATCH = YES;
				CODE_SIGN_IDENTITY = "iPhone Developer";
				COPY_PHASE_STRIP = NO;
				DEBUG_INFORMATION_FORMAT = "dwarf-with-dsym";
				ENABLE_NS_ASSERTIONS = NO;
				ENABLE_STRICT_OBJC_MSGSEND = YES;
				GCC_C_LANGUAGE_STANDARD = gnu11;
				GCC_NO_COMMON_BLOCKS = YES;
				GCC_WARN_64_TO_32_BIT_CONVERSION = YES;
				GCC_WARN_ABOUT_RETURN_TYPE = YES_ERROR;
				GCC_WARN_UNDECLARED_SELECTOR = YES;
				GCC_WARN_UNINITIALIZED_AUTOS = YES_AGGRESSIVE;
				GCC_WARN_UNUSED_FUNCTION = YES;
				GCC_WARN_UNUSED_VARIABLE = YES;
				IPHONEOS_DEPLOYMENT_TARGET = 11.2;
				MTL_ENABLE_DEBUG_INFO = NO;
				SDKROOT = iphoneos;
				VALIDATE_PRODUCT = YES;
			};
			name = Release;
		};
		67D4CF68205ABA860035DA98 /* Debug */ = {
			isa = XCBuildConfiguration;
			buildSettings = {
				ASSETCATALOG_COMPILER_APPICON_NAME = AppIcon;
				CODE_SIGN_STYLE = Automatic;
				DEVELOPMENT_TEAM = EPT77JB8HJ;
				INFOPLIST_FILE = XLMVCDemo/Info.plist;
				LD_RUNPATH_SEARCH_PATHS = "$(inherited) @executable_path/Frameworks";
				PRODUCT_BUNDLE_IDENTIFIER = XL.XLMVCDemo;
				PRODUCT_NAME = "$(TARGET_NAME)";
				TARGETED_DEVICE_FAMILY = "1,2";
			};
			name = Debug;
		};
		67D4CF69205ABA860035DA98 /* Release */ = {
			isa = XCBuildConfiguration;
			buildSettings = {
				ASSETCATALOG_COMPILER_APPICON_NAME = AppIcon;
				CODE_SIGN_STYLE = Automatic;
				DEVELOPMENT_TEAM = EPT77JB8HJ;
				INFOPLIST_FILE = XLMVCDemo/Info.plist;
				LD_RUNPATH_SEARCH_PATHS = "$(inherited) @executable_path/Frameworks";
				PRODUCT_BUNDLE_IDENTIFIER = XL.XLMVCDemo;
				PRODUCT_NAME = "$(TARGET_NAME)";
				TARGETED_DEVICE_FAMILY = "1,2";
			};
			name = Release;
		};
		67D4CF6B205ABA860035DA98 /* Debug */ = {
			isa = XCBuildConfiguration;
			buildSettings = {
				BUNDLE_LOADER = "$(TEST_HOST)";
				CODE_SIGN_STYLE = Automatic;
				DEVELOPMENT_TEAM = EPT77JB8HJ;
				INFOPLIST_FILE = XLMVCDemoTests/Info.plist;
				LD_RUNPATH_SEARCH_PATHS = "$(inherited) @executable_path/Frameworks @loader_path/Frameworks";
				PRODUCT_BUNDLE_IDENTIFIER = XL.XLMVCDemoTests;
				PRODUCT_NAME = "$(TARGET_NAME)";
				TARGETED_DEVICE_FAMILY = "1,2";
				TEST_HOST = "$(BUILT_PRODUCTS_DIR)/XLMVCDemo.app/XLMVCDemo";
			};
			name = Debug;
		};
		67D4CF6C205ABA860035DA98 /* Release */ = {
			isa = XCBuildConfiguration;
			buildSettings = {
				BUNDLE_LOADER = "$(TEST_HOST)";
				CODE_SIGN_STYLE = Automatic;
				DEVELOPMENT_TEAM = EPT77JB8HJ;
				INFOPLIST_FILE = XLMVCDemoTests/Info.plist;
				LD_RUNPATH_SEARCH_PATHS = "$(inherited) @executable_path/Frameworks @loader_path/Frameworks";
				PRODUCT_BUNDLE_IDENTIFIER = XL.XLMVCDemoTests;
				PRODUCT_NAME = "$(TARGET_NAME)";
				TARGETED_DEVICE_FAMILY = "1,2";
				TEST_HOST = "$(BUILT_PRODUCTS_DIR)/XLMVCDemo.app/XLMVCDemo";
			};
			name = Release;
		};
		67D4CF6E205ABA860035DA98 /* Debug */ = {
			isa = XCBuildConfiguration;
			buildSettings = {
				CODE_SIGN_STYLE = Automatic;
				DEVELOPMENT_TEAM = EPT77JB8HJ;
				INFOPLIST_FILE = XLMVCDemoUITests/Info.plist;
				LD_RUNPATH_SEARCH_PATHS = "$(inherited) @executable_path/Frameworks @loader_path/Frameworks";
				PRODUCT_BUNDLE_IDENTIFIER = XL.XLMVCDemoUITests;
				PRODUCT_NAME = "$(TARGET_NAME)";
				TARGETED_DEVICE_FAMILY = "1,2";
				TEST_TARGET_NAME = XLMVCDemo;
			};
			name = Debug;
		};
		67D4CF6F205ABA860035DA98 /* Release */ = {
			isa = XCBuildConfiguration;
			buildSettings = {
				CODE_SIGN_STYLE = Automatic;
				DEVELOPMENT_TEAM = EPT77JB8HJ;
				INFOPLIST_FILE = XLMVCDemoUITests/Info.plist;
				LD_RUNPATH_SEARCH_PATHS = "$(inherited) @executable_path/Frameworks @loader_path/Frameworks";
				PRODUCT_BUNDLE_IDENTIFIER = XL.XLMVCDemoUITests;
				PRODUCT_NAME = "$(TARGET_NAME)";
				TARGETED_DEVICE_FAMILY = "1,2";
				TEST_TARGET_NAME = XLMVCDemo;
			};
			name = Release;
		};
/* End XCBuildConfiguration section */

/* Begin XCConfigurationList section */
		67D4CF33205ABA860035DA98 /* Build configuration list for PBXProject "XLMVCDemo" */ = {
			isa = XCConfigurationList;
			buildConfigurations = (
				67D4CF65205ABA860035DA98 /* Debug */,
				67D4CF66205ABA860035DA98 /* Release */,
			);
			defaultConfigurationIsVisible = 0;
			defaultConfigurationName = Release;
		};
		67D4CF67205ABA860035DA98 /* Build configuration list for PBXNativeTarget "XLMVCDemo" */ = {
			isa = XCConfigurationList;
			buildConfigurations = (
				67D4CF68205ABA860035DA98 /* Debug */,
				67D4CF69205ABA860035DA98 /* Release */,
			);
			defaultConfigurationIsVisible = 0;
			defaultConfigurationName = Release;
		};
		67D4CF6A205ABA860035DA98 /* Build configuration list for PBXNativeTarget "XLMVCDemoTests" */ = {
			isa = XCConfigurationList;
			buildConfigurations = (
				67D4CF6B205ABA860035DA98 /* Debug */,
				67D4CF6C205ABA860035DA98 /* Release */,
			);
			defaultConfigurationIsVisible = 0;
			defaultConfigurationName = Release;
		};
		67D4CF6D205ABA860035DA98 /* Build configuration list for PBXNativeTarget "XLMVCDemoUITests" */ = {
			isa = XCConfigurationList;
			buildConfigurations = (
				67D4CF6E205ABA860035DA98 /* Debug */,
				67D4CF6F205ABA860035DA98 /* Release */,
			);
			defaultConfigurationIsVisible = 0;
			defaultConfigurationName = Release;
		};
/* End XCConfigurationList section */

/* Begin XCVersionGroup section */
		67D4CF44205ABA860035DA98 /* XLMVCDemo.xcdatamodeld */ = {
			isa = XCVersionGroup;
			children = (
				67D4CF45205ABA860035DA98 /* XLMVCDemo.xcdatamodel */,
			);
			currentVersion = 67D4CF45205ABA860035DA98 /* XLMVCDemo.xcdatamodel */;
			path = XLMVCDemo.xcdatamodeld;
			sourceTree = "<group>";
			versionGroupType = wrapper.xcdatamodel;
		};
/* End XCVersionGroup section */
	};
	rootObject = 67D4CF30205ABA860035DA98 /* Project object */;
}
